
Microsoft Visual Studio Solution File, Format Version 12.00
# Visual Studio Version 17
VisualStudioVersion = 17.10.35013.160
MinimumVisualStudioVersion = 10.0.40219.1
Project("{FAE04EC0-301F-11D3-BF4B-00C04F79EFBC}") = "TaxCalculator", "TaxCalculator\TaxCalculator.csproj", "{A98D8FFC-8C3C-400B-94A3-45380B6C5646}"
EndProject
Global
	GlobalSection(SolutionConfigurationPlatforms) = preSolution
		Debug|Any CPU = Debug|Any CPU
		Release|Any CPU = Release|Any CPU
	EndGlobalSection
	GlobalSection(ProjectConfigurationPlatforms) = postSolution
		{A98D8FFC-8C3C-400B-94A3-45380B6C5646}.Debug|Any CPU.ActiveCfg = Debug|Any CPU
		{A98D8FFC-8C3C-400B-94A3-45380B6C5646}.Debug|Any CPU.Build.0 = Debug|Any CPU
		{A98D8FFC-8C3C-400B-94A3-45380B6C5646}.Release|Any CPU.ActiveCfg = Release|Any CPU
		{A98D8FFC-8C3C-400B-94A3-45380B6C5646}.Release|Any CPU.Build.0 = Release|Any CPU
	EndGlobalSection
	GlobalSection(SolutionProperties) = preSolution
		HideSolutionNode = FALSE
	EndGlobalSection
	GlobalSection(ExtensibilityGlobals) = postSolution
		SolutionGuid = {208E3974-3D70-4061-9717-0A90D4705576}
	EndGlobalSection
EndGlobal
